
Microsoft Visual Studio Solution File, Format Version 12.00
# Visual Studio 15
VisualStudioVersion = 15.0.28307.1145
MinimumVisualStudioVersion = 10.0.40219.1
Project("{9A19103F-16F7-4668-BE54-9A1E7A4F7556}") = "CreditCardAPI", "CreditCardAPI\CreditCardAPI.csproj", "{7BF4AA45-F006-4D9C-AEC9-CCEBD5D4FFD7}"
EndProject
Global
	GlobalSection(SolutionConfigurationPlatforms) = preSolution
		Debug|Any CPU = Debug|Any CPU
		Release|Any CPU = Release|Any CPU
	EndGlobalSection
	GlobalSection(ProjectConfigurationPlatforms) = postSolution
		{7BF4AA45-F006-4D9C-AEC9-CCEBD5D4FFD7}.Debug|Any CPU.ActiveCfg = Debug|Any CPU
		{7BF4AA45-F006-4D9C-AEC9-CCEBD5D4FFD7}.Debug|Any CPU.Build.0 = Debug|Any CPU
		{7BF4AA45-F006-4D9C-AEC9-CCEBD5D4FFD7}.Release|Any CPU.ActiveCfg = Release|Any CPU
		{7BF4AA45-F006-4D9C-AEC9-CCEBD5D4FFD7}.Release|Any CPU.Build.0 = Release|Any CPU
	EndGlobalSection
	GlobalSection(SolutionProperties) = preSolution
		HideSolutionNode = FALSE
	EndGlobalSection
	GlobalSection(ExtensibilityGlobals) = postSolution
		SolutionGuid = {BB4C85A8-BA0C-401A-98FC-39FB3E5109AF}
	EndGlobalSection
EndGlobal
